Microsoft Visual Studio Solution File, Format Version 8.00
Project("{FAE04EC0-301F-11D3-BF4B-00C04F79EFBC}") = "ss", "ss.csproj", "{2CD1C0FB-F3A0-4BD6-8DD9-5E098FD9D368}"
	ProjectSection(ProjectDependencies) = postProject
	EndProjectSection
EndProject
Global
	GlobalSection(SolutionConfiguration) = preSolution
		Debug = Debug
		Release = Release
	EndGlobalSection
	GlobalSection(ProjectDependencies) = postSolution
	EndGlobalSection
	GlobalSection(ProjectConfiguration) = postSolution
		{2CD1C0FB-F3A0-4BD6-8DD9-5E098FD9D368}.Debug.ActiveCfg = Debug|.NET
		{2CD1C0FB-F3A0-4BD6-8DD9-5E098FD9D368}.Debug.Build.0 = Debug|.NET
		{2CD1C0FB-F3A0-4BD6-8DD9-5E098FD9D368}.Release.ActiveCfg = Release|.NET
		{2CD1C0FB-F3A0-4BD6-8DD9-5E098FD9D368}.Release.Build.0 = Release|.NET
	EndGlobalSection
	GlobalSection(ExtensibilityGlobals) = postSolution
	EndGlobalSection
	GlobalSection(ExtensibilityAddIns) = postSolution
	EndGlobalSection
EndGlobal
